// !$*UTF8*$!
{
	archiveVersion = 1;
	classes = {
	};
	objectVersion = 46;
	objects = {

/* Begin PBXBuildFile section */
		673389811F21BB2B00745B04 /* UserDefaultsManager.swift in Sources */ = {isa = PBXBuildFile; fileRef = 673389801F21BB2B00745B04 /* UserDefaultsManager.swift */; };
		673389831F22C8F700745B04 /* Colors.swift in Sources */ = {isa = PBXBuildFile; fileRef = 673389821F22C8F700745B04 /* Colors.swift */; };
		677C4F781F1304090044FD8F /* SocketIOManager.swift in Sources */ = {isa = PBXBuildFile; fileRef = 677C4F771F1304090044FD8F /* SocketIOManager.swift */; };
		67AFD8DF1F0F7C5C0029076A /* AppDelegate.swift in Sources */ = {isa = PBXBuildFile; fileRef = 67AFD8DE1F0F7C5C0029076A /* AppDelegate.swift */; };
		67AFD8E11F0F7C5C0029076A /* ViewController.swift in Sources */ = {isa = PBXBuildFile; fileRef = 67AFD8E01F0F7C5C0029076A /* ViewController.swift */; };
		67AFD8E41F0F7C5C0029076A /* Main.storyboard in Resources */ = {isa = PBXBuildFile; fileRef = 67AFD8E21F0F7C5C0029076A /* Main.storyboard */; };
		67AFD8E61F0F7C5C0029076A /* Assets.xcassets in Resources */ = {isa = PBXBuildFile; fileRef = 67AFD8E51F0F7C5C0029076A /* Assets.xcassets */; };
		67AFD8E91F0F7C5C0029076A /* LaunchScreen.storyboard in Resources */ = {isa = PBXBuildFile; fileRef = 67AFD8E71F0F7C5C0029076A /* LaunchScreen.storyboard */; };
		67F4D68C1F62E144006E2292 /* SocketButtonCell.swift in Sources */ = {isa = PBXBuildFile; fileRef = 67F4D68B1F62E144006E2292 /* SocketButtonCell.swift */; };
		67F4D68E1F6329D3006E2292 /* KickTableViewController.swift in Sources */ = {isa = PBXBuildFile; fileRef = 67F4D68D1F6329D3006E2292 /* KickTableViewController.swift */; };
		C04658929148004366638A74 /* Pods_Kick.framework in Frameworks */ = {isa = PBXBuildFile; fileRef = DECEB5060A661A7647C89056 /* Pods_Kick.framework */; };
/* End PBXBuildFile section */

/* Begin PBXFileReference section */
		673389801F21BB2B00745B04 /* UserDefaultsManager.swift */ = {isa = PBXFileReference; fileEncoding = 4; lastKnownFileType = sourcecode.swift; path = UserDefaultsManager.swift; sourceTree = "<group>"; };
		673389821F22C8F700745B04 /* Colors.swift */ = {isa = PBXFileReference; fileEncoding = 4; lastKnownFileType = sourcecode.swift; path = Colors.swift; sourceTree = "<group>"; };
		677C4F771F1304090044FD8F /* SocketIOManager.swift */ = {isa = PBXFileReference; fileEncoding = 4; lastKnownFileType = sourcecode.swift; path = SocketIOManager.swift; sourceTree = "<group>"; };
		67AFD8DB1F0F7C5C0029076A /* Kick.app */ = {isa = PBXFileReference; explicitFileType = wrapper.application; includeInIndex = 0; path = Kick.app; sourceTree = BUILT_PRODUCTS_DIR; };
		67AFD8DE1F0F7C5C0029076A /* AppDelegate.swift */ = {isa = PBXFileReference; lastKnownFileType = sourcecode.swift; path = AppDelegate.swift; sourceTree = "<group>"; };
		67AFD8E01F0F7C5C0029076A /* ViewController.swift */ = {isa = PBXFileReference; lastKnownFileType = sourcecode.swift; path = ViewController.swift; sourceTree = "<group>"; };
		67AFD8E31F0F7C5C0029076A /* Base */ = {isa = PBXFileReference; lastKnownFileType = file.storyboard; name = Base; path = Base.lproj/Main.storyboard; sourceTree = "<group>"; };
		67AFD8E51F0F7C5C0029076A /* Assets.xcassets */ = {isa = PBXFileReference; lastKnownFileType = folder.assetcatalog; path = Assets.xcassets; sourceTree = "<group>"; };
		67AFD8E81F0F7C5C0029076A /* Base */ = {isa = PBXFileReference; lastKnownFileType = file.storyboard; name = Base; path = Base.lproj/LaunchScreen.storyboard; sourceTree = "<group>"; };
		67AFD8EA1F0F7C5C0029076A /* Info.plist */ = {isa = PBXFileReference; lastKnownFileType = text.plist.xml; path = Info.plist; sourceTree = "<group>"; };
		67F4D68B1F62E144006E2292 /* SocketButtonCell.swift */ = {isa = PBXFileReference; fileEncoding = 4; lastKnownFileType = sourcecode.swift; path = SocketButtonCell.swift; sourceTree = "<group>"; };
		67F4D68D1F6329D3006E2292 /* KickTableViewController.swift */ = {isa = PBXFileReference; fileEncoding = 4; lastKnownFileType = sourcecode.swift; path = KickTableViewController.swift; sourceTree = "<group>"; };
		99741C92E659A941170354A8 /* Pods-Kick.debug.xcconfig */ = {isa = PBXFileReference; includeInIndex = 1; lastKnownFileType = text.xcconfig; name = "Pods-Kick.debug.xcconfig"; path = "Pods/Target Support Files/Pods-Kick/Pods-Kick.debug.xcconfig"; sourceTree = "<group>"; };
		DCF5AE10C4A65E5D0AD48A1B /* Pods-Kick.release.xcconfig */ = {isa = PBXFileReference; includeInIndex = 1; lastKnownFileType = text.xcconfig; name = "Pods-Kick.release.xcconfig"; path = "Pods/Target Support Files/Pods-Kick/Pods-Kick.release.xcconfig"; sourceTree = "<group>"; };
		DECEB5060A661A7647C89056 /* Pods_Kick.framework */ = {isa = PBXFileReference; explicitFileType = wrapper.framework; includeInIndex = 0; path = Pods_Kick.framework; sourceTree = BUILT_PRODUCTS_DIR; };
/* End PBXFileReference section */

/* Begin PBXFrameworksBuildPhase section */
		67AFD8D81F0F7C5C0029076A /* Frameworks */ = {
			isa = PBXFrameworksBuildPhase;
			buildActionMask = 2147483647;
			files = (
				C04658929148004366638A74 /* Pods_Kick.framework in Frameworks */,
			);
			runOnlyForDeploymentPostprocessing = 0;
		};
/* End PBXFrameworksBuildPhase section */

/* Begin PBXGroup section */
		23EDAFF45F7A1653704F7551 /* Pods */ = {
			isa = PBXGroup;
			children = (
				99741C92E659A941170354A8 /* Pods-Kick.debug.xcconfig */,
				DCF5AE10C4A65E5D0AD48A1B /* Pods-Kick.release.xcconfig */,
			);
			name = Pods;
			sourceTree = "<group>";
		};
		67AFD8D21F0F7C5C0029076A = {
			isa = PBXGroup;
			children = (
				67AFD8DD1F0F7C5C0029076A /* Kick */,
				67AFD8DC1F0F7C5C0029076A /* Products */,
				23EDAFF45F7A1653704F7551 /* Pods */,
				BB1B40CA6C5074578CEF1E78 /* Frameworks */,
			);
			sourceTree = "<group>";
		};
		67AFD8DC1F0F7C5C0029076A /* Products */ = {
			isa = PBXGroup;
			children = (
				67AFD8DB1F0F7C5C0029076A /* Kick.app */,
			);
			name = Products;
			sourceTree = "<group>";
		};
		67AFD8DD1F0F7C5C0029076A /* Kick */ = {
			isa = PBXGroup;
			children = (
				67AFD8DE1F0F7C5C0029076A /* AppDelegate.swift */,
				673389801F21BB2B00745B04 /* UserDefaultsManager.swift */,
				677C4F771F1304090044FD8F /* SocketIOManager.swift */,
				67F4D68B1F62E144006E2292 /* SocketButtonCell.swift */,
				67AFD8E01F0F7C5C0029076A /* ViewController.swift */,
				673389821F22C8F700745B04 /* Colors.swift */,
				67AFD8E21F0F7C5C0029076A /* Main.storyboard */,
				67F4D68D1F6329D3006E2292 /* KickTableViewController.swift */,
				67AFD8E51F0F7C5C0029076A /* Assets.xcassets */,
				67AFD8E71F0F7C5C0029076A /* LaunchScreen.storyboard */,
				67AFD8EA1F0F7C5C0029076A /* Info.plist */,
			);
			path = Kick;
			sourceTree = "<group>";
		};
		BB1B40CA6C5074578CEF1E78 /* Frameworks */ = {
			isa = PBXGroup;
			children = (
				DECEB5060A661A7647C89056 /* Pods_Kick.framework */,
			);
			name = Frameworks;
			sourceTree = "<group>";
		};
/* End PBXGroup section */

/* Begin PBXNativeTarget section */
		67AFD8DA1F0F7C5C0029076A /* Kick */ = {
			isa = PBXNativeTarget;
			buildConfigurationList = 67AFD8ED1F0F7C5C0029076A /* Build configuration list for PBXNativeTarget "Kick" */;
			buildPhases = (
				4585912F96200FCF2BE2BB9D /* [CP] Check Pods Manifest.lock */,
				67AFD8D71F0F7C5C0029076A /* Sources */,
				67AFD8D81F0F7C5C0029076A /* Frameworks */,
				67AFD8D91F0F7C5C0029076A /* Resources */,
				0D4AA649E391AC749151C418 /* [CP] Embed Pods Frameworks */,
				9D704A9966A104EB84287756 /* [CP] Copy Pods Resources */,
			);
			buildRules = (
			);
			dependencies = (
			);
			name = Kick;
			productName = Kick;
			productReference = 67AFD8DB1F0F7C5C0029076A /* Kick.app */;
			productType = "com.apple.product-type.application";
		};
/* End PBXNativeTarget section */

/* Begin PBXProject section */
		67AFD8D31F0F7C5C0029076A /* Project object */ = {
			isa = PBXProject;
			attributes = {
				LastSwiftUpdateCheck = 0830;
				LastUpgradeCheck = 0830;
				ORGANIZATIONNAME = BernSternWhoEarns;
				TargetAttributes = {
					67AFD8DA1F0F7C5C0029076A = {
						CreatedOnToolsVersion = 8.3.3;
						DevelopmentTeam = 7JQM8M6QG2;
						ProvisioningStyle = Automatic;
						SystemCapabilities = {
							com.apple.BackgroundModes = {
								enabled = 1;
							};
						};
					};
				};
			};
			buildConfigurationList = 67AFD8D61F0F7C5C0029076A /* Build configuration list for PBXProject "Kick" */;
			compatibilityVersion = "Xcode 3.2";
			developmentRegion = English;
			hasScannedForEncodings = 0;
			knownRegions = (
				en,
				Base,
			);
			mainGroup = 67AFD8D21F0F7C5C0029076A;
			productRefGroup = 67AFD8DC1F0F7C5C0029076A /* Products */;
			projectDirPath = "";
			projectRoot = "";
			targets = (
				67AFD8DA1F0F7C5C0029076A /* Kick */,
			);
		};
/* End PBXProject section */

/* Begin PBXResourcesBuildPhase section */
		67AFD8D91F0F7C5C0029076A /* Resources */ = {
			isa = PBXResourcesBuildPhase;
			buildActionMask = 2147483647;
			files = (
				67AFD8E91F0F7C5C0029076A /* LaunchScreen.storyboard in Resources */,
				67AFD8E61F0F7C5C0029076A /* Assets.xcassets in Resources */,
				67AFD8E41F0F7C5C0029076A /* Main.storyboard in Resources */,
			);
			runOnlyForDeploymentPostprocessing = 0;
		};
/* End PBXResourcesBuildPhase section */

/* Begin PBXShellScriptBuildPhase section */
		0D4AA649E391AC749151C418 /* [CP] Embed Pods Frameworks */ = {
			isa = PBXShellScriptBuildPhase;
			buildActionMask = 2147483647;
			files = (
			);
			inputPaths = (
			);
			name = "[CP] Embed Pods Frameworks";
			outputPaths = (
			);
			runOnlyForDeploymentPostprocessing = 0;
			shellPath = /bin/sh;
			shellScript = "\"${SRCROOT}/Pods/Target Support Files/Pods-Kick/Pods-Kick-frameworks.sh\"\n";
			showEnvVarsInLog = 0;
		};
		4585912F96200FCF2BE2BB9D /* [CP] Check Pods Manifest.lock */ = {
			isa = PBXShellScriptBuildPhase;
			buildActionMask = 2147483647;
			files = (
			);
			inputPaths = (
			);
			name = "[CP] Check Pods Manifest.lock";
			outputPaths = (
			);
			runOnlyForDeploymentPostprocessing = 0;
			shellPath = /bin/sh;
			shellScript = "diff \"${PODS_ROOT}/../Podfile.lock\" \"${PODS_ROOT}/Manifest.lock\" > /dev/null\nif [ $? != 0 ] ; then\n    # print error to STDERR\n    echo \"error: The sandbox is not in sync with the Podfile.lock. Run 'pod install' or update your CocoaPods installation.\" >&2\n    exit 1\nfi\n";
			showEnvVarsInLog = 0;
		};
		9D704A9966A104EB84287756 /* [CP] Copy Pods Resources */ = {
			isa = PBXShellScriptBuildPhase;
			buildActionMask = 2147483647;
			files = (
			);
			inputPaths = (
			);
			name = "[CP] Copy Pods Resources";
			outputPaths = (
			);
			runOnlyForDeploymentPostprocessing = 0;
			shellPath = /bin/sh;
			shellScript = "\"${SRCROOT}/Pods/Target Support Files/Pods-Kick/Pods-Kick-resources.sh\"\n";
			showEnvVarsInLog = 0;
		};
/* End PBXShellScriptBuildPhase section */

/* Begin PBXSourcesBuildPhase section */
		67AFD8D71F0F7C5C0029076A /* Sources */ = {
			isa = PBXSourcesBuildPhase;
			buildActionMask = 2147483647;
			files = (
				67F4D68C1F62E144006E2292 /* SocketButtonCell.swift in Sources */,
				67F4D68E1F6329D3006E2292 /* KickTableViewController.swift in Sources */,
				677C4F781F1304090044FD8F /* SocketIOManager.swift in Sources */,
				673389831F22C8F700745B04 /* Colors.swift in Sources */,
				67AFD8E11F0F7C5C0029076A /* ViewController.swift in Sources */,
				673389811F21BB2B00745B04 /* UserDefaultsManager.swift in Sources */,
				67AFD8DF1F0F7C5C0029076A /* AppDelegate.swift in Sources */,
			);
			runOnlyForDeploymentPostprocessing = 0;
		};
/* End PBXSourcesBuildPhase section */

/* Begin PBXVariantGroup section */
		67AFD8E21F0F7C5C0029076A /* Main.storyboard */ = {
			isa = PBXVariantGroup;
			children = (
				67AFD8E31F0F7C5C0029076A /* Base */,
			);
			name = Main.storyboard;
			sourceTree = "<group>";
		};
		67AFD8E71F0F7C5C0029076A /* LaunchScreen.storyboard */ = {
			isa = PBXVariantGroup;
			children = (
				67AFD8E81F0F7C5C0029076A /* Base */,
			);
			name = LaunchScreen.storyboard;
			sourceTree = "<group>";
		};
/* End PBXVariantGroup section */

/* Begin XCBuildConfiguration section */
		67AFD8EB1F0F7C5C0029076A /* Debug */ = {
			isa = XCBuildConfiguration;
			buildSettings = {
				ALWAYS_SEARCH_USER_PATHS = NO;
				CLANG_ANALYZER_NONNULL = YES;
				CLANG_ANALYZER_NUMBER_OBJECT_CONVERSION = YES_AGGRESSIVE;
				CLANG_CXX_LANGUAGE_STANDARD = "gnu++0x";
				CLANG_CXX_LIBRARY = "libc++";
				CLANG_ENABLE_MODULES = YES;
				CLANG_ENABLE_OBJC_ARC = YES;
				CLANG_WARN_BOOL_CONVERSION = YES;
				CLANG_WARN_CONSTANT_CONVERSION = YES;
				CLANG_WARN_DIRECT_OBJC_ISA_USAGE = YES_ERROR;
				CLANG_WARN_DOCUMENTATION_COMMENTS = YES;
				CLANG_WARN_EMPTY_BODY = YES;
				CLANG_WARN_ENUM_CONVERSION = YES;
				CLANG_WARN_INFINITE_RECURSION = YES;
				CLANG_WARN_INT_CONVERSION = YES;
				CLANG_WARN_OBJC_ROOT_CLASS = YES_ERROR;
				CLANG_WARN_SUSPICIOUS_MOVE = YES;
				CLANG_WARN_UNREACHABLE_CODE = YES;
				CLANG_WARN__DUPLICATE_METHOD_MATCH = YES;
				"CODE_SIGN_IDENTITY[sdk=iphoneos*]" = "iPhone Developer";
				COPY_PHASE_STRIP = NO;
				DEBUG_INFORMATION_FORMAT = dwarf;
				ENABLE_STRICT_OBJC_MSGSEND = YES;
				ENABLE_TESTABILITY = YES;
				GCC_C_LANGUAGE_STANDARD = gnu99;
				GCC_DYNAMIC_NO_PIC = NO;
				GCC_NO_COMMON_BLOCKS = YES;
				GCC_OPTIMIZATION_LEVEL = 0;
				GCC_PREPROCESSOR_DEFINITIONS = (
					"DEBUG=1",
					"$(inherited)",
				);
				GCC_WARN_64_TO_32_BIT_CONVERSION = YES;
				GCC_WARN_ABOUT_RETURN_TYPE = YES_ERROR;
				GCC_WARN_UNDECLARED_SELECTOR = YES;
				GCC_WARN_UNINITIALIZED_AUTOS = YES_AGGRESSIVE;
				GCC_WARN_UNUSED_FUNCTION = YES;
				GCC_WARN_UNUSED_VARIABLE = YES;
				IPHONEOS_DEPLOYMENT_TARGET = 10.3;
				MTL_ENABLE_DEBUG_INFO = YES;
				ONLY_ACTIVE_ARCH = YES;
				SDKROOT = iphoneos;
				SWIFT_ACTIVE_COMPILATION_CONDITIONS = DEBUG;
				SWIFT_OPTIMIZATION_LEVEL = "-Onone";
			};
			name = Debug;
		};
		67AFD8EC1F0F7C5C0029076A /* Release */ = {
			isa = XCBuildConfiguration;
			buildSettings = {
				ALWAYS_SEARCH_USER_PATHS = NO;
				CLANG_ANALYZER_NONNULL = YES;
				CLANG_ANALYZER_NUMBER_OBJECT_CONVERSION = YES_AGGRESSIVE;
				CLANG_CXX_LANGUAGE_STANDARD = "gnu++0x";
				CLANG_CXX_LIBRARY = "libc++";
				CLANG_ENABLE_MODULES = YES;
				CLANG_ENABLE_OBJC_ARC = YES;
				CLANG_WARN_BOOL_CONVERSION = YES;
				CLANG_WARN_CONSTANT_CONVERSION = YES;
				CLANG_WARN_DIRECT_OBJC_ISA_USAGE = YES_ERROR;
				CLANG_WARN_DOCUMENTATION_COMMENTS = YES;
				CLANG_WARN_EMPTY_BODY = YES;
				CLANG_WARN_ENUM_CONVERSION = YES;
				CLANG_WARN_INFINITE_RECURSION = YES;
				CLANG_WARN_INT_CONVERSION = YES;
				CLANG_WARN_OBJC_ROOT_CLASS = YES_ERROR;
				CLANG_WARN_SUSPICIOUS_MOVE = YES;
				CLANG_WARN_UNREACHABLE_CODE = YES;
				CLANG_WARN__DUPLICATE_METHOD_MATCH = YES;
				"CODE_SIGN_IDENTITY[sdk=iphoneos*]" = "iPhone Developer";
				COPY_PHASE_STRIP = NO;
				DEBUG_INFORMATION_FORMAT = "dwarf-with-dsym";
				ENABLE_NS_ASSERTIONS = NO;
				ENABLE_STRICT_OBJC_MSGSEND = YES;
				GCC_C_LANGUAGE_STANDARD = gnu99;
				GCC_NO_COMMON_BLOCKS = YES;
				GCC_WARN_64_TO_32_BIT_CONVERSION = YES;
				GCC_WARN_ABOUT_RETURN_TYPE = YES_ERROR;
				GCC_WARN_UNDECLARED_SELECTOR = YES;
				GCC_WARN_UNINITIALIZED_AUTOS = YES_AGGRESSIVE;
				GCC_WARN_UNUSED_FUNCTION = YES;
				GCC_WARN_UNUSED_VARIABLE = YES;
				IPHONEOS_DEPLOYMENT_TARGET = 10.3;
				MTL_ENABLE_DEBUG_INFO = NO;
				SDKROOT = iphoneos;
				SWIFT_OPTIMIZATION_LEVEL = "-Owholemodule";
				VALIDATE_PRODUCT = YES;
			};
			name = Release;
		};
		67AFD8EE1F0F7C5C0029076A /* Debug */ = {
			isa = XCBuildConfiguration;
			baseConfigurationReference = 99741C92E659A941170354A8 /* Pods-Kick.debug.xcconfig */;
			buildSettings = {
				ASSETCATALOG_COMPILER_APPICON_NAME = AppIcon;
				DEVELOPMENT_TEAM = 7JQM8M6QG2;
				INFOPLIST_FILE = Kick/Info.plist;
				LD_RUNPATH_SEARCH_PATHS = "$(inherited) @executable_path/Frameworks";
				PRODUCT_BUNDLE_IDENTIFIER = com.BernSternWhoEarns.Kick;
				PRODUCT_NAME = "$(TARGET_NAME)";
				SWIFT_VERSION = 3.0;
			};
			name = Debug;
		};
		67AFD8EF1F0F7C5C0029076A /* Release */ = {
			isa = XCBuildConfiguration;
			baseConfigurationReference = DCF5AE10C4A65E5D0AD48A1B /* Pods-Kick.release.xcconfig */;
			buildSettings = {
				ASSETCATALOG_COMPILER_APPICON_NAME = AppIcon;
				DEVELOPMENT_TEAM = 7JQM8M6QG2;
				INFOPLIST_FILE = Kick/Info.plist;
				LD_RUNPATH_SEARCH_PATHS = "$(inherited) @executable_path/Frameworks";
				PRODUCT_BUNDLE_IDENTIFIER = com.BernSternWhoEarns.Kick;
				PRODUCT_NAME = "$(TARGET_NAME)";
				SWIFT_VERSION = 3.0;
			};
			name = Release;
		};
/* End XCBuildConfiguration section */

/* Begin XCConfigurationList section */
		67AFD8D61F0F7C5C0029076A /* Build configuration list for PBXProject "Kick" */ = {
			isa = XCConfigurationList;
			buildConfigurations = (
				67AFD8EB1F0F7C5C0029076A /* Debug */,
				67AFD8EC1F0F7C5C0029076A /* Release */,
			);
			defaultConfigurationIsVisible = 0;
			defaultConfigurationName = Release;
		};
		67AFD8ED1F0F7C5C0029076A /* Build configuration list for PBXNativeTarget "Kick" */ = {
			isa = XCConfigurationList;
			buildConfigurations = (
				67AFD8EE1F0F7C5C0029076A /* Debug */,
				67AFD8EF1F0F7C5C0029076A /* Release */,
			);
			defaultConfigurationIsVisible = 0;
			defaultConfigurationName = Release;
		};
/* End XCConfigurationList section */
	};
	rootObject = 67AFD8D31F0F7C5C0029076A /* Project object */;
}
